
Microsoft Visual Studio Solution File, Format Version 12.00
# Visual Studio Version 16
VisualStudioVersion = 16.0.31515.178
MinimumVisualStudioVersion = 10.0.40219.1
Project("{2150E333-8FDC-42A3-9474-1A3956D46DE8}") = "src", "src", "{E3B67A5E-8312-4E98-AF61-DD7C7F1F8179}"
EndProject
Project("{2150E333-8FDC-42A3-9474-1A3956D46DE8}") = "test", "test", "{863F41FE-8F26-43F6-B077-078CF68C5BDD}"
EndProject
Project("{2150E333-8FDC-42A3-9474-1A3956D46DE8}") = "Domain", "Domain", "{19E4F2A1-4C24-4D37-8D3E-A0EAD634251B}"
EndProject
Project("{FAE04EC0-301F-11D3-BF4B-00C04F79EFBC}") = "SkyOne.Domain", "SkyOne.Domain\SkyOne.Domain.csproj", "{FCFF1CC4-064C-4604-A035-B46FD0ABD8A6}"
EndProject
Project("{FAE04EC0-301F-11D3-BF4B-00C04F79EFBC}") = "SkyOne.Tests", "SkyOne.Tests\SkyOne.Tests.csproj", "{584E7C35-A367-4724-B4E0-675ACD4C3AEA}"
EndProject
Global
	GlobalSection(SolutionConfigurationPlatforms) = preSolution
		Debug|Any CPU = Debug|Any CPU
		Release|Any CPU = Release|Any CPU
	EndGlobalSection
	GlobalSection(ProjectConfigurationPlatforms) = postSolution
		{FCFF1CC4-064C-4604-A035-B46FD0ABD8A6}.Debug|Any CPU.ActiveCfg = Debug|Any CPU
		{FCFF1CC4-064C-4604-A035-B46FD0ABD8A6}.Debug|Any CPU.Build.0 = Debug|Any CPU
		{FCFF1CC4-064C-4604-A035-B46FD0ABD8A6}.Release|Any CPU.ActiveCfg = Release|Any CPU
		{FCFF1CC4-064C-4604-A035-B46FD0ABD8A6}.Release|Any CPU.Build.0 = Release|Any CPU
		{584E7C35-A367-4724-B4E0-675ACD4C3AEA}.Debug|Any CPU.ActiveCfg = Debug|Any CPU
		{584E7C35-A367-4724-B4E0-675ACD4C3AEA}.Debug|Any CPU.Build.0 = Debug|Any CPU
		{584E7C35-A367-4724-B4E0-675ACD4C3AEA}.Release|Any CPU.ActiveCfg = Release|Any CPU
		{584E7C35-A367-4724-B4E0-675ACD4C3AEA}.Release|Any CPU.Build.0 = Release|Any CPU
	EndGlobalSection
	GlobalSection(SolutionProperties) = preSolution
		HideSolutionNode = FALSE
	EndGlobalSection
	GlobalSection(NestedProjects) = preSolution
		{19E4F2A1-4C24-4D37-8D3E-A0EAD634251B} = {E3B67A5E-8312-4E98-AF61-DD7C7F1F8179}
		{FCFF1CC4-064C-4604-A035-B46FD0ABD8A6} = {19E4F2A1-4C24-4D37-8D3E-A0EAD634251B}
		{584E7C35-A367-4724-B4E0-675ACD4C3AEA} = {863F41FE-8F26-43F6-B077-078CF68C5BDD}
	EndGlobalSection
	GlobalSection(ExtensibilityGlobals) = postSolution
		SolutionGuid = {9B71E302-A874-4373-B022-412655D607AF}
	EndGlobalSection
EndGlobal
